version = 1
requires-python = ">=3.12"

[manifest]
members = [
    "aoc-2024",
    "day01",
    "day02",
    "day03",
    "day04",
]

[[package]]
name = "aoc-2024"
version = "0.1.0"
source = { virtual = "." }

[[package]]
name = "day01"
version = "0.1.0"
source = { virtual = "day01" }

[[package]]
name = "day02"
version = "0.1.0"
source = { virtual = "day02" }

[[package]]
name = "day03"
version = "0.1.0"
source = { virtual = "day03" }

[[package]]
name = "day04"
version = "0.1.0"
source = { virtual = "day04" }
